// !$*UTF8*$!
{
	archiveVersion = 1;
	classes = {
	};
	objectVersion = 56;
	objects = {

/* Begin PBXBuildFile section */
		8E5BF4BF28E9C77E00802AE9 /* AppDelegate.swift in Sources */ = {isa = PBXBuildFile; fileRef = 8E5BF4BE28E9C77E00802AE9 /* AppDelegate.swift */; };
		8E5BF4C128E9C77E00802AE9 /* SceneDelegate.swift in Sources */ = {isa = PBXBuildFile; fileRef = 8E5BF4C028E9C77E00802AE9 /* SceneDelegate.swift */; };
		8E5BF4C328E9C77E00802AE9 /* ViewController.swift in Sources */ = {isa = PBXBuildFile; fileRef = 8E5BF4C228E9C77E00802AE9 /* ViewController.swift */; };
		8E5BF4C828E9C77E00802AE9 /* Assets.xcassets in Resources */ = {isa = PBXBuildFile; fileRef = 8E5BF4C728E9C77E00802AE9 /* Assets.xcassets */; };
		8E5BF4CB28E9C77E00802AE9 /* LaunchScreen.storyboard in Resources */ = {isa = PBXBuildFile; fileRef = 8E5BF4C928E9C77E00802AE9 /* LaunchScreen.storyboard */; };
		8E5BF51528EC54AC00802AE9 /* SnapKit in Frameworks */ = {isa = PBXBuildFile; productRef = 8E5BF51428EC54AC00802AE9 /* SnapKit */; };
		8E5BF51828EC54BC00802AE9 /* Then in Frameworks */ = {isa = PBXBuildFile; productRef = 8E5BF51728EC54BC00802AE9 /* Then */; };
		8E5BF51C28EC6FDE00802AE9 /* CombineMoya in Frameworks */ = {isa = PBXBuildFile; productRef = 8E5BF51B28EC6FDE00802AE9 /* CombineMoya */; };
		8E5BF51E28EC6FDE00802AE9 /* Moya in Frameworks */ = {isa = PBXBuildFile; productRef = 8E5BF51D28EC6FDE00802AE9 /* Moya */; };
		8EF111D528F7FBF000A1D665 /* ImageLiterals.swift in Sources */ = {isa = PBXBuildFile; fileRef = 8EF111D428F7FBF000A1D665 /* ImageLiterals.swift */; };
		8EF111D728F7FC0000A1D665 /* ColorLiterals.swift in Sources */ = {isa = PBXBuildFile; fileRef = 8EF111D628F7FC0000A1D665 /* ColorLiterals.swift */; };
		8EF111DB28F7FECD00A1D665 /* addSubviews.swift in Sources */ = {isa = PBXBuildFile; fileRef = 8EF111DA28F7FECD00A1D665 /* addSubviews.swift */; };
		8EF111DD28F7FF0400A1D665 /* getClassName.swift in Sources */ = {isa = PBXBuildFile; fileRef = 8EF111DC28F7FF0400A1D665 /* getClassName.swift */; };
		8EF111DF28F7FFB800A1D665 /* UIViewController+.swift in Sources */ = {isa = PBXBuildFile; fileRef = 8EF111DE28F7FFB800A1D665 /* UIViewController+.swift */; };
		8EF111E128F7FFEF00A1D665 /* Adjusted+.swift in Sources */ = {isa = PBXBuildFile; fileRef = 8EF111E028F7FFEF00A1D665 /* Adjusted+.swift */; };
		8EF111E328F8000100A1D665 /* UITextField+.swift in Sources */ = {isa = PBXBuildFile; fileRef = 8EF111E228F8000100A1D665 /* UITextField+.swift */; };
/* End PBXBuildFile section */

/* Begin PBXFileReference section */
		8E5BF4BB28E9C77E00802AE9 /* IN-SOPT-Assignment.app */ = {isa = PBXFileReference; explicitFileType = wrapper.application; includeInIndex = 0; path = "IN-SOPT-Assignment.app"; sourceTree = BUILT_PRODUCTS_DIR; };
		8E5BF4BE28E9C77E00802AE9 /* AppDelegate.swift */ = {isa = PBXFileReference; lastKnownFileType = sourcecode.swift; path = AppDelegate.swift; sourceTree = "<group>"; };
		8E5BF4C028E9C77E00802AE9 /* SceneDelegate.swift */ = {isa = PBXFileReference; lastKnownFileType = sourcecode.swift; path = SceneDelegate.swift; sourceTree = "<group>"; };
		8E5BF4C228E9C77E00802AE9 /* ViewController.swift */ = {isa = PBXFileReference; lastKnownFileType = sourcecode.swift; path = ViewController.swift; sourceTree = "<group>"; };
		8E5BF4C728E9C77E00802AE9 /* Assets.xcassets */ = {isa = PBXFileReference; lastKnownFileType = folder.assetcatalog; path = Assets.xcassets; sourceTree = "<group>"; };
		8E5BF4CA28E9C77E00802AE9 /* Base */ = {isa = PBXFileReference; lastKnownFileType = file.storyboard; name = Base; path = Base.lproj/LaunchScreen.storyboard; sourceTree = "<group>"; };
		8E5BF4CC28E9C77E00802AE9 /* Info.plist */ = {isa = PBXFileReference; lastKnownFileType = text.plist.xml; path = Info.plist; sourceTree = "<group>"; };
		8E5BF4F128EB40F200802AE9 /* .gitkeep */ = {isa = PBXFileReference; lastKnownFileType = text; path = .gitkeep; sourceTree = "<group>"; };
		8E5BF4F328EB40FF00802AE9 /* .gitkeep */ = {isa = PBXFileReference; lastKnownFileType = text; path = .gitkeep; sourceTree = "<group>"; };
		8E5BF4F528EB410900802AE9 /* .gitkeep */ = {isa = PBXFileReference; lastKnownFileType = text; path = .gitkeep; sourceTree = "<group>"; };
		8E5BF4F928EB412100802AE9 /* .gitkeep */ = {isa = PBXFileReference; lastKnownFileType = text; path = .gitkeep; sourceTree = "<group>"; };
		8E5BF4FB28EB413300802AE9 /* .gitkeep */ = {isa = PBXFileReference; lastKnownFileType = text; path = .gitkeep; sourceTree = "<group>"; };
		8E5BF4FD28EB414000802AE9 /* .gitkeep */ = {isa = PBXFileReference; lastKnownFileType = text; path = .gitkeep; sourceTree = "<group>"; };
		8E5BF4FF28EB414C00802AE9 /* .gitkeep */ = {isa = PBXFileReference; lastKnownFileType = text; path = .gitkeep; sourceTree = "<group>"; };
		8E5BF50128EB415600802AE9 /* .gitkeep */ = {isa = PBXFileReference; lastKnownFileType = text; path = .gitkeep; sourceTree = "<group>"; };
		8E5BF50328EB416000802AE9 /* .gitkeep */ = {isa = PBXFileReference; lastKnownFileType = text; path = .gitkeep; sourceTree = "<group>"; };
		8E5BF50528EB416A00802AE9 /* .gitkeep */ = {isa = PBXFileReference; lastKnownFileType = text; path = .gitkeep; sourceTree = "<group>"; };
		8E5BF50728EB417300802AE9 /* .gitkeep */ = {isa = PBXFileReference; lastKnownFileType = text; path = .gitkeep; sourceTree = "<group>"; };
		8E5BF50D28EB428700802AE9 /* .gitkeep */ = {isa = PBXFileReference; lastKnownFileType = text; path = .gitkeep; sourceTree = "<group>"; };
		8E5BF50F28EB429200802AE9 /* .gitkeep */ = {isa = PBXFileReference; lastKnownFileType = text; path = .gitkeep; sourceTree = "<group>"; };
		8E5BF51128EB429F00802AE9 /* .gitkeep */ = {isa = PBXFileReference; lastKnownFileType = text; path = .gitkeep; sourceTree = "<group>"; };
		8EF111D428F7FBF000A1D665 /* ImageLiterals.swift */ = {isa = PBXFileReference; lastKnownFileType = sourcecode.swift; path = ImageLiterals.swift; sourceTree = "<group>"; };
		8EF111D628F7FC0000A1D665 /* ColorLiterals.swift */ = {isa = PBXFileReference; lastKnownFileType = sourcecode.swift; path = ColorLiterals.swift; sourceTree = "<group>"; };
		8EF111DA28F7FECD00A1D665 /* addSubviews.swift */ = {isa = PBXFileReference; lastKnownFileType = sourcecode.swift; path = addSubviews.swift; sourceTree = "<group>"; };
		8EF111DC28F7FF0400A1D665 /* getClassName.swift */ = {isa = PBXFileReference; lastKnownFileType = sourcecode.swift; path = getClassName.swift; sourceTree = "<group>"; };
		8EF111DE28F7FFB800A1D665 /* UIViewController+.swift */ = {isa = PBXFileReference; lastKnownFileType = sourcecode.swift; path = "UIViewController+.swift"; sourceTree = "<group>"; };
		8EF111E028F7FFEF00A1D665 /* Adjusted+.swift */ = {isa = PBXFileReference; lastKnownFileType = sourcecode.swift; path = "Adjusted+.swift"; sourceTree = "<group>"; };
		8EF111E228F8000100A1D665 /* UITextField+.swift */ = {isa = PBXFileReference; lastKnownFileType = sourcecode.swift; path = "UITextField+.swift"; sourceTree = "<group>"; };
/* End PBXFileReference section */

/* Begin PBXFrameworksBuildPhase section */
		8E5BF4B828E9C77E00802AE9 /* Frameworks */ = {
			isa = PBXFrameworksBuildPhase;
			buildActionMask = 2147483647;
			files = (
				8E5BF51528EC54AC00802AE9 /* SnapKit in Frameworks */,
				8E5BF51828EC54BC00802AE9 /* Then in Frameworks */,
				8E5BF51E28EC6FDE00802AE9 /* Moya in Frameworks */,
				8E5BF51C28EC6FDE00802AE9 /* CombineMoya in Frameworks */,
			);
			runOnlyForDeploymentPostprocessing = 0;
		};
/* End PBXFrameworksBuildPhase section */

/* Begin PBXGroup section */
		8E5BF4B228E9C77D00802AE9 = {
			isa = PBXGroup;
			children = (
				8E5BF4BD28E9C77E00802AE9 /* IN-SOPT-Assignment */,
				8E5BF4BC28E9C77E00802AE9 /* Products */,
			);
			sourceTree = "<group>";
		};
		8E5BF4BC28E9C77E00802AE9 /* Products */ = {
			isa = PBXGroup;
			children = (
				8E5BF4BB28E9C77E00802AE9 /* IN-SOPT-Assignment.app */,
			);
			name = Products;
			sourceTree = "<group>";
		};
		8E5BF4BD28E9C77E00802AE9 /* IN-SOPT-Assignment */ = {
			isa = PBXGroup;
			children = (
				8E5BF4D228EB390000802AE9 /* Global */,
				8E5BF4D328EB390600802AE9 /* Application */,
				8E5BF4D428EB390D00802AE9 /* Presentation */,
				8E5BF4D528EB391300802AE9 /* Domain */,
				8E5BF4D628EB391800802AE9 /* Data */,
				8E5BF4D728EB391D00802AE9 /* Utils */,
				8E5BF4CC28E9C77E00802AE9 /* Info.plist */,
			);
			path = "IN-SOPT-Assignment";
			sourceTree = "<group>";
		};
		8E5BF4D228EB390000802AE9 /* Global */ = {
			isa = PBXGroup;
			children = (
				8E5BF4DD28EB3E8200802AE9 /* Supporting Files */,
				8E5BF4DC28EB3E7A00802AE9 /* Extensions */,
				8E5BF4DB28EB3E7300802AE9 /* Literals */,
				8E5BF4DA28EB39BE00802AE9 /* Resources */,
			);
			path = Global;
			sourceTree = "<group>";
		};
		8E5BF4D328EB390600802AE9 /* Application */ = {
			isa = PBXGroup;
			children = (
				8E5BF4DE28EB3F3D00802AE9 /* Coordinator */,
			);
			path = Application;
			sourceTree = "<group>";
		};
		8E5BF4D428EB390D00802AE9 /* Presentation */ = {
			isa = PBXGroup;
			children = (
				8E5BF4E128EB3FA500802AE9 /* SignInScene */,
				8E5BF4E028EB3F8900802AE9 /* SignUpScene */,
				8E5BF50928EB424800802AE9 /* AuthCompleteScene */,
			);
			path = Presentation;
			sourceTree = "<group>";
		};
		8E5BF4D528EB391300802AE9 /* Domain */ = {
			isa = PBXGroup;
			children = (
				8E5BF4E328EB3FDE00802AE9 /* Model */,
				8E5BF4E228EB3FD800802AE9 /* Usecase */,
			);
			path = Domain;
			sourceTree = "<group>";
		};
		8E5BF4D628EB391800802AE9 /* Data */ = {
			isa = PBXGroup;
			children = (
				8E5BF4E628EB3FF200802AE9 /* Entity */,
				8E5BF4E528EB3FEB00802AE9 /* Repository */,
				8E5BF4E428EB3FE600802AE9 /* Network */,
			);
			path = Data;
			sourceTree = "<group>";
		};
		8E5BF4D728EB391D00802AE9 /* Utils */ = {
			isa = PBXGroup;
			children = (
				8EF111DA28F7FECD00A1D665 /* addSubviews.swift */,
				8EF111DC28F7FF0400A1D665 /* getClassName.swift */,
			);
			path = Utils;
			sourceTree = "<group>";
		};
		8E5BF4DA28EB39BE00802AE9 /* Resources */ = {
			isa = PBXGroup;
			children = (
				8E5BF4C728E9C77E00802AE9 /* Assets.xcassets */,
			);
			path = Resources;
			sourceTree = "<group>";
		};
		8E5BF4DB28EB3E7300802AE9 /* Literals */ = {
			isa = PBXGroup;
			children = (
				8EF111D428F7FBF000A1D665 /* ImageLiterals.swift */,
				8EF111D628F7FC0000A1D665 /* ColorLiterals.swift */,
			);
			path = Literals;
			sourceTree = "<group>";
		};
		8E5BF4DC28EB3E7A00802AE9 /* Extensions */ = {
			isa = PBXGroup;
			children = (
				8EF111E028F7FFEF00A1D665 /* Adjusted+.swift */,
				8EF111DE28F7FFB800A1D665 /* UIViewController+.swift */,
				8EF111E228F8000100A1D665 /* UITextField+.swift */,
			);
			path = Extensions;
			sourceTree = "<group>";
		};
		8E5BF4DD28EB3E8200802AE9 /* Supporting Files */ = {
			isa = PBXGroup;
			children = (
				8E5BF4C928E9C77E00802AE9 /* LaunchScreen.storyboard */,
			);
			path = "Supporting Files";
			sourceTree = "<group>";
		};
		8E5BF4DE28EB3F3D00802AE9 /* Coordinator */ = {
			isa = PBXGroup;
			children = (
				8E5BF4DF28EB3F4800802AE9 /* Factory */,
				8E5BF4BE28E9C77E00802AE9 /* AppDelegate.swift */,
				8E5BF4C028E9C77E00802AE9 /* SceneDelegate.swift */,
			);
			path = Coordinator;
			sourceTree = "<group>";
		};
		8E5BF4DF28EB3F4800802AE9 /* Factory */ = {
			isa = PBXGroup;
			children = (
				8E5BF4F128EB40F200802AE9 /* .gitkeep */,
			);
			path = Factory;
			sourceTree = "<group>";
		};
		8E5BF4E028EB3F8900802AE9 /* SignUpScene */ = {
			isa = PBXGroup;
			children = (
				8E5BF4EC28EB403C00802AE9 /* Views */,
				8E5BF4EB28EB403400802AE9 /* ViewModel */,
				8E5BF4EA28EB402600802AE9 /* ViewController */,
			);
			path = SignUpScene;
			sourceTree = "<group>";
		};
		8E5BF4E128EB3FA500802AE9 /* SignInScene */ = {
			isa = PBXGroup;
			children = (
				8E5BF4E928EB401500802AE9 /* Views */,
				8E5BF4E828EB400B00802AE9 /* ViewModel */,
				8E5BF4E728EB400400802AE9 /* ViewController */,
			);
			path = SignInScene;
			sourceTree = "<group>";
		};
		8E5BF4E228EB3FD800802AE9 /* Usecase */ = {
			isa = PBXGroup;
			children = (
				8E5BF50128EB415600802AE9 /* .gitkeep */,
			);
			path = Usecase;
			sourceTree = "<group>";
		};
		8E5BF4E328EB3FDE00802AE9 /* Model */ = {
			isa = PBXGroup;
			children = (
				8E5BF4FF28EB414C00802AE9 /* .gitkeep */,
			);
			path = Model;
			sourceTree = "<group>";
		};
		8E5BF4E428EB3FE600802AE9 /* Network */ = {
			isa = PBXGroup;
			children = (
				8E5BF50728EB417300802AE9 /* .gitkeep */,
			);
			path = Network;
			sourceTree = "<group>";
		};
		8E5BF4E528EB3FEB00802AE9 /* Repository */ = {
			isa = PBXGroup;
			children = (
				8E5BF50528EB416A00802AE9 /* .gitkeep */,
			);
			path = Repository;
			sourceTree = "<group>";
		};
		8E5BF4E628EB3FF200802AE9 /* Entity */ = {
			isa = PBXGroup;
			children = (
				8E5BF50328EB416000802AE9 /* .gitkeep */,
			);
			path = Entity;
			sourceTree = "<group>";
		};
		8E5BF4E728EB400400802AE9 /* ViewController */ = {
			isa = PBXGroup;
			children = (
				8E5BF4C228E9C77E00802AE9 /* ViewController.swift */,
			);
			path = ViewController;
			sourceTree = "<group>";
		};
		8E5BF4E828EB400B00802AE9 /* ViewModel */ = {
			isa = PBXGroup;
			children = (
				8E5BF4F528EB410900802AE9 /* .gitkeep */,
			);
			path = ViewModel;
			sourceTree = "<group>";
		};
		8E5BF4E928EB401500802AE9 /* Views */ = {
			isa = PBXGroup;
			children = (
				8E5BF4F328EB40FF00802AE9 /* .gitkeep */,
			);
			path = Views;
			sourceTree = "<group>";
		};
		8E5BF4EA28EB402600802AE9 /* ViewController */ = {
			isa = PBXGroup;
			children = (
				8E5BF4FD28EB414000802AE9 /* .gitkeep */,
			);
			path = ViewController;
			sourceTree = "<group>";
		};
		8E5BF4EB28EB403400802AE9 /* ViewModel */ = {
			isa = PBXGroup;
			children = (
				8E5BF4FB28EB413300802AE9 /* .gitkeep */,
			);
			path = ViewModel;
			sourceTree = "<group>";
		};
		8E5BF4EC28EB403C00802AE9 /* Views */ = {
			isa = PBXGroup;
			children = (
				8E5BF4F928EB412100802AE9 /* .gitkeep */,
			);
			path = Views;
			sourceTree = "<group>";
		};
		8E5BF50928EB424800802AE9 /* AuthCompleteScene */ = {
			isa = PBXGroup;
			children = (
				8E5BF50C28EB427C00802AE9 /* Views */,
				8E5BF50B28EB427500802AE9 /* ViewModel */,
				8E5BF50A28EB426C00802AE9 /* ViewController */,
			);
			path = AuthCompleteScene;
			sourceTree = "<group>";
		};
		8E5BF50A28EB426C00802AE9 /* ViewController */ = {
			isa = PBXGroup;
			children = (
				8E5BF51128EB429F00802AE9 /* .gitkeep */,
			);
			path = ViewController;
			sourceTree = "<group>";
		};
		8E5BF50B28EB427500802AE9 /* ViewModel */ = {
			isa = PBXGroup;
			children = (
				8E5BF50F28EB429200802AE9 /* .gitkeep */,
			);
			path = ViewModel;
			sourceTree = "<group>";
		};
		8E5BF50C28EB427C00802AE9 /* Views */ = {
			isa = PBXGroup;
			children = (
				8E5BF50D28EB428700802AE9 /* .gitkeep */,
			);
			path = Views;
			sourceTree = "<group>";
		};
/* End PBXGroup section */

/* Begin PBXNativeTarget section */
		8E5BF4BA28E9C77E00802AE9 /* IN-SOPT-Assignment */ = {
			isa = PBXNativeTarget;
			buildConfigurationList = 8E5BF4CF28E9C77E00802AE9 /* Build configuration list for PBXNativeTarget "IN-SOPT-Assignment" */;
			buildPhases = (
				8E5BF4B728E9C77E00802AE9 /* Sources */,
				8E5BF4B828E9C77E00802AE9 /* Frameworks */,
				8E5BF4B928E9C77E00802AE9 /* Resources */,
			);
			buildRules = (
			);
			dependencies = (
			);
			name = "IN-SOPT-Assignment";
			packageProductDependencies = (
				8E5BF51428EC54AC00802AE9 /* SnapKit */,
				8E5BF51728EC54BC00802AE9 /* Then */,
				8E5BF51B28EC6FDE00802AE9 /* CombineMoya */,
				8E5BF51D28EC6FDE00802AE9 /* Moya */,
			);
			productName = "IN-SOPT-Assignment";
			productReference = 8E5BF4BB28E9C77E00802AE9 /* IN-SOPT-Assignment.app */;
			productType = "com.apple.product-type.application";
		};
/* End PBXNativeTarget section */

/* Begin PBXProject section */
		8E5BF4B328E9C77D00802AE9 /* Project object */ = {
			isa = PBXProject;
			attributes = {
				BuildIndependentTargetsInParallel = 1;
				LastSwiftUpdateCheck = 1400;
				LastUpgradeCheck = 1400;
				TargetAttributes = {
					8E5BF4BA28E9C77E00802AE9 = {
						CreatedOnToolsVersion = 14.0.1;
					};
				};
			};
			buildConfigurationList = 8E5BF4B628E9C77D00802AE9 /* Build configuration list for PBXProject "IN-SOPT-Assignment" */;
			compatibilityVersion = "Xcode 14.0";
			developmentRegion = en;
			hasScannedForEncodings = 0;
			knownRegions = (
				en,
				Base,
			);
			mainGroup = 8E5BF4B228E9C77D00802AE9;
			packageReferences = (
				8E5BF51328EC54AC00802AE9 /* XCRemoteSwiftPackageReference "SnapKit" */,
				8E5BF51628EC54BC00802AE9 /* XCRemoteSwiftPackageReference "Then" */,
				8E5BF51A28EC6FDE00802AE9 /* XCRemoteSwiftPackageReference "Moya" */,
			);
			productRefGroup = 8E5BF4BC28E9C77E00802AE9 /* Products */;
			projectDirPath = "";
			projectRoot = "";
			targets = (
				8E5BF4BA28E9C77E00802AE9 /* IN-SOPT-Assignment */,
			);
		};
/* End PBXProject section */

/* Begin PBXResourcesBuildPhase section */
		8E5BF4B928E9C77E00802AE9 /* Resources */ = {
			isa = PBXResourcesBuildPhase;
			buildActionMask = 2147483647;
			files = (
				8E5BF4CB28E9C77E00802AE9 /* LaunchScreen.storyboard in Resources */,
				8E5BF4C828E9C77E00802AE9 /* Assets.xcassets in Resources */,
			);
			runOnlyForDeploymentPostprocessing = 0;
		};
/* End PBXResourcesBuildPhase section */

/* Begin PBXSourcesBuildPhase section */
		8E5BF4B728E9C77E00802AE9 /* Sources */ = {
			isa = PBXSourcesBuildPhase;
			buildActionMask = 2147483647;
			files = (
				8E5BF4C328E9C77E00802AE9 /* ViewController.swift in Sources */,
				8EF111E328F8000100A1D665 /* UITextField+.swift in Sources */,
				8EF111DB28F7FECD00A1D665 /* addSubviews.swift in Sources */,
				8EF111DF28F7FFB800A1D665 /* UIViewController+.swift in Sources */,
				8EF111D528F7FBF000A1D665 /* ImageLiterals.swift in Sources */,
				8E5BF4BF28E9C77E00802AE9 /* AppDelegate.swift in Sources */,
				8EF111D728F7FC0000A1D665 /* ColorLiterals.swift in Sources */,
				8E5BF4C128E9C77E00802AE9 /* SceneDelegate.swift in Sources */,
				8EF111DD28F7FF0400A1D665 /* getClassName.swift in Sources */,
				8EF111E128F7FFEF00A1D665 /* Adjusted+.swift in Sources */,
			);
			runOnlyForDeploymentPostprocessing = 0;
		};
/* End PBXSourcesBuildPhase section */

/* Begin PBXVariantGroup section */
		8E5BF4C928E9C77E00802AE9 /* LaunchScreen.storyboard */ = {
			isa = PBXVariantGroup;
			children = (
				8E5BF4CA28E9C77E00802AE9 /* Base */,
			);
			name = LaunchScreen.storyboard;
			sourceTree = "<group>";
		};
/* End PBXVariantGroup section */

/* Begin XCBuildConfiguration section */
		8E5BF4CD28E9C77E00802AE9 /* Debug */ = {
			isa = XCBuildConfiguration;
			buildSettings = {
				ALWAYS_SEARCH_USER_PATHS = NO;
				CLANG_ANALYZER_NONNULL = YES;
				CLANG_ANALYZER_NUMBER_OBJECT_CONVERSION = YES_AGGRESSIVE;
				CLANG_CXX_LANGUAGE_STANDARD = "gnu++20";
				CLANG_ENABLE_MODULES = YES;
				CLANG_ENABLE_OBJC_ARC = YES;
				CLANG_ENABLE_OBJC_WEAK = YES;
				CLANG_WARN_BLOCK_CAPTURE_AUTORELEASING = YES;
				CLANG_WARN_BOOL_CONVERSION = YES;
				CLANG_WARN_COMMA = YES;
				CLANG_WARN_CONSTANT_CONVERSION = YES;
				CLANG_WARN_DEPRECATED_OBJC_IMPLEMENTATIONS = YES;
				CLANG_WARN_DIRECT_OBJC_ISA_USAGE = YES_ERROR;
				CLANG_WARN_DOCUMENTATION_COMMENTS = YES;
				CLANG_WARN_EMPTY_BODY = YES;
				CLANG_WARN_ENUM_CONVERSION = YES;
				CLANG_WARN_INFINITE_RECURSION = YES;
				CLANG_WARN_INT_CONVERSION = YES;
				CLANG_WARN_NON_LITERAL_NULL_CONVERSION = YES;
				CLANG_WARN_OBJC_IMPLICIT_RETAIN_SELF = YES;
				CLANG_WARN_OBJC_LITERAL_CONVERSION = YES;
				CLANG_WARN_OBJC_ROOT_CLASS = YES_ERROR;
				CLANG_WARN_QUOTED_INCLUDE_IN_FRAMEWORK_HEADER = YES;
				CLANG_WARN_RANGE_LOOP_ANALYSIS = YES;
				CLANG_WARN_STRICT_PROTOTYPES = YES;
				CLANG_WARN_SUSPICIOUS_MOVE = YES;
				CLANG_WARN_UNGUARDED_AVAILABILITY = YES_AGGRESSIVE;
				CLANG_WARN_UNREACHABLE_CODE = YES;
				CLANG_WARN__DUPLICATE_METHOD_MATCH = YES;
				COPY_PHASE_STRIP = NO;
				DEBUG_INFORMATION_FORMAT = dwarf;
				ENABLE_STRICT_OBJC_MSGSEND = YES;
				ENABLE_TESTABILITY = YES;
				GCC_C_LANGUAGE_STANDARD = gnu11;
				GCC_DYNAMIC_NO_PIC = NO;
				GCC_NO_COMMON_BLOCKS = YES;
				GCC_OPTIMIZATION_LEVEL = 0;
				GCC_PREPROCESSOR_DEFINITIONS = (
					"DEBUG=1",
					"$(inherited)",
				);
				GCC_WARN_64_TO_32_BIT_CONVERSION = YES;
				GCC_WARN_ABOUT_RETURN_TYPE = YES_ERROR;
				GCC_WARN_UNDECLARED_SELECTOR = YES;
				GCC_WARN_UNINITIALIZED_AUTOS = YES_AGGRESSIVE;
				GCC_WARN_UNUSED_FUNCTION = YES;
				GCC_WARN_UNUSED_VARIABLE = YES;
				IPHONEOS_DEPLOYMENT_TARGET = 16.0;
				MTL_ENABLE_DEBUG_INFO = INCLUDE_SOURCE;
				MTL_FAST_MATH = YES;
				ONLY_ACTIVE_ARCH = YES;
				SDKROOT = iphoneos;
				SWIFT_ACTIVE_COMPILATION_CONDITIONS = DEBUG;
				SWIFT_OPTIMIZATION_LEVEL = "-Onone";
			};
			name = Debug;
		};
		8E5BF4CE28E9C77E00802AE9 /* Release */ = {
			isa = XCBuildConfiguration;
			buildSettings = {
				ALWAYS_SEARCH_USER_PATHS = NO;
				CLANG_ANALYZER_NONNULL = YES;
				CLANG_ANALYZER_NUMBER_OBJECT_CONVERSION = YES_AGGRESSIVE;
				CLANG_CXX_LANGUAGE_STANDARD = "gnu++20";
				CLANG_ENABLE_MODULES = YES;
				CLANG_ENABLE_OBJC_ARC = YES;
				CLANG_ENABLE_OBJC_WEAK = YES;
				CLANG_WARN_BLOCK_CAPTURE_AUTORELEASING = YES;
				CLANG_WARN_BOOL_CONVERSION = YES;
				CLANG_WARN_COMMA = YES;
				CLANG_WARN_CONSTANT_CONVERSION = YES;
				CLANG_WARN_DEPRECATED_OBJC_IMPLEMENTATIONS = YES;
				CLANG_WARN_DIRECT_OBJC_ISA_USAGE = YES_ERROR;
				CLANG_WARN_DOCUMENTATION_COMMENTS = YES;
				CLANG_WARN_EMPTY_BODY = YES;
				CLANG_WARN_ENUM_CONVERSION = YES;
				CLANG_WARN_INFINITE_RECURSION = YES;
				CLANG_WARN_INT_CONVERSION = YES;
				CLANG_WARN_NON_LITERAL_NULL_CONVERSION = YES;
				CLANG_WARN_OBJC_IMPLICIT_RETAIN_SELF = YES;
				CLANG_WARN_OBJC_LITERAL_CONVERSION = YES;
				CLANG_WARN_OBJC_ROOT_CLASS = YES_ERROR;
				CLANG_WARN_QUOTED_INCLUDE_IN_FRAMEWORK_HEADER = YES;
				CLANG_WARN_RANGE_LOOP_ANALYSIS = YES;
				CLANG_WARN_STRICT_PROTOTYPES = YES;
				CLANG_WARN_SUSPICIOUS_MOVE = YES;
				CLANG_WARN_UNGUARDED_AVAILABILITY = YES_AGGRESSIVE;
				CLANG_WARN_UNREACHABLE_CODE = YES;
				CLANG_WARN__DUPLICATE_METHOD_MATCH = YES;
				COPY_PHASE_STRIP = NO;
				DEBUG_INFORMATION_FORMAT = "dwarf-with-dsym";
				ENABLE_NS_ASSERTIONS = NO;
				ENABLE_STRICT_OBJC_MSGSEND = YES;
				GCC_C_LANGUAGE_STANDARD = gnu11;
				GCC_NO_COMMON_BLOCKS = YES;
				GCC_WARN_64_TO_32_BIT_CONVERSION = YES;
				GCC_WARN_ABOUT_RETURN_TYPE = YES_ERROR;
				GCC_WARN_UNDECLARED_SELECTOR = YES;
				GCC_WARN_UNINITIALIZED_AUTOS = YES_AGGRESSIVE;
				GCC_WARN_UNUSED_FUNCTION = YES;
				GCC_WARN_UNUSED_VARIABLE = YES;
				IPHONEOS_DEPLOYMENT_TARGET = 16.0;
				MTL_ENABLE_DEBUG_INFO = NO;
				MTL_FAST_MATH = YES;
				SDKROOT = iphoneos;
				SWIFT_COMPILATION_MODE = wholemodule;
				SWIFT_OPTIMIZATION_LEVEL = "-O";
				VALIDATE_PRODUCT = YES;
			};
			name = Release;
		};
		8E5BF4D028E9C77E00802AE9 /* Debug */ = {
			isa = XCBuildConfiguration;
			buildSettings = {
				ASSETCATALOG_COMPILER_APPICON_NAME = AppIcon;
				ASSETCATALOG_COMPILER_GLOBAL_ACCENT_COLOR_NAME = AccentColor;
				CODE_SIGN_STYLE = Automatic;
				CURRENT_PROJECT_VERSION = 1;
				DEVELOPMENT_TEAM = R6RDNJW78B;
				GENERATE_INFOPLIST_FILE = YES;
				INFOPLIST_FILE = "IN-SOPT-Assignment/Info.plist";
				INFOPLIST_KEY_UIApplicationSupportsIndirectInputEvents = YES;
				INFOPLIST_KEY_UILaunchStoryboardName = LaunchScreen;
				INFOPLIST_KEY_UISupportedInterfaceOrientations = UIInterfaceOrientationPortrait;
				INFOPLIST_KEY_UISupportedInterfaceOrientations_iPad = "UIInterfaceOrientationLandscapeLeft UIInterfaceOrientationLandscapeRight UIInterfaceOrientationPortrait UIInterfaceOrientationPortraitUpsideDown";
				IPHONEOS_DEPLOYMENT_TARGET = 15.0;
				LD_RUNPATH_SEARCH_PATHS = (
					"$(inherited)",
					"@executable_path/Frameworks",
				);
				MARKETING_VERSION = 1.0;
				PRODUCT_BUNDLE_IDENTIFIER = "org.sopt.devxsby.IN-SOPT-Assignment";
				PRODUCT_NAME = "$(TARGET_NAME)";
				SWIFT_EMIT_LOC_STRINGS = YES;
				SWIFT_VERSION = 5.0;
				TARGETED_DEVICE_FAMILY = "1,2";
			};
			name = Debug;
		};
		8E5BF4D128E9C77E00802AE9 /* Release */ = {
			isa = XCBuildConfiguration;
			buildSettings = {
				ASSETCATALOG_COMPILER_APPICON_NAME = AppIcon;
				ASSETCATALOG_COMPILER_GLOBAL_ACCENT_COLOR_NAME = AccentColor;
				CODE_SIGN_STYLE = Automatic;
				CURRENT_PROJECT_VERSION = 1;
				DEVELOPMENT_TEAM = R6RDNJW78B;
				GENERATE_INFOPLIST_FILE = YES;
				INFOPLIST_FILE = "IN-SOPT-Assignment/Info.plist";
				INFOPLIST_KEY_UIApplicationSupportsIndirectInputEvents = YES;
				INFOPLIST_KEY_UILaunchStoryboardName = LaunchScreen;
				INFOPLIST_KEY_UISupportedInterfaceOrientations = UIInterfaceOrientationPortrait;
				INFOPLIST_KEY_UISupportedInterfaceOrientations_iPad = "UIInterfaceOrientationLandscapeLeft UIInterfaceOrientationLandscapeRight UIInterfaceOrientationPortrait UIInterfaceOrientationPortraitUpsideDown";
				IPHONEOS_DEPLOYMENT_TARGET = 15.0;
				LD_RUNPATH_SEARCH_PATHS = (
					"$(inherited)",
					"@executable_path/Frameworks",
				);
				MARKETING_VERSION = 1.0;
				PRODUCT_BUNDLE_IDENTIFIER = "org.sopt.devxsby.IN-SOPT-Assignment";
				PRODUCT_NAME = "$(TARGET_NAME)";
				SWIFT_EMIT_LOC_STRINGS = YES;
				SWIFT_VERSION = 5.0;
				TARGETED_DEVICE_FAMILY = "1,2";
			};
			name = Release;
		};
/* End XCBuildConfiguration section */

/* Begin XCConfigurationList section */
		8E5BF4B628E9C77D00802AE9 /* Build configuration list for PBXProject "IN-SOPT-Assignment" */ = {
			isa = XCConfigurationList;
			buildConfigurations = (
				8E5BF4CD28E9C77E00802AE9 /* Debug */,
				8E5BF4CE28E9C77E00802AE9 /* Release */,
			);
			defaultConfigurationIsVisible = 0;
			defaultConfigurationName = Release;
		};
		8E5BF4CF28E9C77E00802AE9 /* Build configuration list for PBXNativeTarget "IN-SOPT-Assignment" */ = {
			isa = XCConfigurationList;
			buildConfigurations = (
				8E5BF4D028E9C77E00802AE9 /* Debug */,
				8E5BF4D128E9C77E00802AE9 /* Release */,
			);
			defaultConfigurationIsVisible = 0;
			defaultConfigurationName = Release;
		};
/* End XCConfigurationList section */

/* Begin XCRemoteSwiftPackageReference section */
		8E5BF51328EC54AC00802AE9 /* XCRemoteSwiftPackageReference "SnapKit" */ = {
			isa = XCRemoteSwiftPackageReference;
			repositoryURL = "https://github.com/SnapKit/SnapKit";
			requirement = {
				branch = develop;
				kind = branch;
			};
		};
		8E5BF51628EC54BC00802AE9 /* XCRemoteSwiftPackageReference "Then" */ = {
			isa = XCRemoteSwiftPackageReference;
			repositoryURL = "https://github.com/devxoul/Then";
			requirement = {
				branch = master;
				kind = branch;
			};
		};
		8E5BF51A28EC6FDE00802AE9 /* XCRemoteSwiftPackageReference "Moya" */ = {
			isa = XCRemoteSwiftPackageReference;
			repositoryURL = "https://github.com/Moya/Moya";
			requirement = {
				branch = master;
				kind = branch;
			};
		};
/* End XCRemoteSwiftPackageReference section */

/* Begin XCSwiftPackageProductDependency section */
		8E5BF51428EC54AC00802AE9 /* SnapKit */ = {
			isa = XCSwiftPackageProductDependency;
			package = 8E5BF51328EC54AC00802AE9 /* XCRemoteSwiftPackageReference "SnapKit" */;
			productName = SnapKit;
		};
		8E5BF51728EC54BC00802AE9 /* Then */ = {
			isa = XCSwiftPackageProductDependency;
			package = 8E5BF51628EC54BC00802AE9 /* XCRemoteSwiftPackageReference "Then" */;
			productName = Then;
		};
		8E5BF51B28EC6FDE00802AE9 /* CombineMoya */ = {
			isa = XCSwiftPackageProductDependency;
			package = 8E5BF51A28EC6FDE00802AE9 /* XCRemoteSwiftPackageReference "Moya" */;
			productName = CombineMoya;
		};
		8E5BF51D28EC6FDE00802AE9 /* Moya */ = {
			isa = XCSwiftPackageProductDependency;
			package = 8E5BF51A28EC6FDE00802AE9 /* XCRemoteSwiftPackageReference "Moya" */;
			productName = Moya;
		};
/* End XCSwiftPackageProductDependency section */
	};
	rootObject = 8E5BF4B328E9C77D00802AE9 /* Project object */;
}
